
Microsoft Visual Studio Solution File, Format Version 12.00
# Visual Studio 15
VisualStudioVersion = 15.0.28010.2003
MinimumVisualStudioVersion = 10.0.40219.1
Project("{888888A0-9F3D-457C-B088-3A5042F75D52}") = "BasicProject", "BasicProject\BasicProject.pyproj", "{7C5D1231-E784-434F-AF0E-27B2BE05AFC1}"
EndProject
Global
	GlobalSection(SolutionConfigurationPlatforms) = preSolution
		Debug|Any CPU = Debug|Any CPU
		Release|Any CPU = Release|Any CPU
	EndGlobalSection
	GlobalSection(ProjectConfigurationPlatforms) = postSolution
		{7C5D1231-E784-434F-AF0E-27B2BE05AFC1}.Debug|Any CPU.ActiveCfg = Debug|Any CPU
		{7C5D1231-E784-434F-AF0E-27B2BE05AFC1}.Debug|Any CPU.Build.0 = Debug|Any CPU
		{7C5D1231-E784-434F-AF0E-27B2BE05AFC1}.Release|Any CPU.ActiveCfg = Release|Any CPU
		{7C5D1231-E784-434F-AF0E-27B2BE05AFC1}.Release|Any CPU.Build.0 = Release|Any CPU
	EndGlobalSection
	GlobalSection(SolutionProperties) = preSolution
		HideSolutionNode = FALSE
	EndGlobalSection
	GlobalSection(ExtensibilityGlobals) = postSolution
		SolutionGuid = {D067192F-F3FE-4D29-9D58-B98CF7FFC90C}
	EndGlobalSection
EndGlobal
